
Microsoft Visual Studio Solution File, Format Version 12.00
# Visual Studio Version 16
VisualStudioVersion = 16.0.31729.503
MinimumVisualStudioVersion = 10.0.40219.1
Project("{FAE04EC0-301F-11D3-BF4B-00C04F79EFBC}") = "SalesWebMCV", "SalesWebMCV\SalesWebMCV.csproj", "{FD694540-D5CE-42B0-8792-BAE6FAB2E6AB}"
EndProject
Global
	GlobalSection(SolutionConfigurationPlatforms) = preSolution
		Debug|Any CPU = Debug|Any CPU
		Release|Any CPU = Release|Any CPU
	EndGlobalSection
	GlobalSection(ProjectConfigurationPlatforms) = postSolution
		{FD694540-D5CE-42B0-8792-BAE6FAB2E6AB}.Debug|Any CPU.ActiveCfg = Debug|Any CPU
		{FD694540-D5CE-42B0-8792-BAE6FAB2E6AB}.Debug|Any CPU.Build.0 = Debug|Any CPU
		{FD694540-D5CE-42B0-8792-BAE6FAB2E6AB}.Release|Any CPU.ActiveCfg = Release|Any CPU
		{FD694540-D5CE-42B0-8792-BAE6FAB2E6AB}.Release|Any CPU.Build.0 = Release|Any CPU
	EndGlobalSection
	GlobalSection(SolutionProperties) = preSolution
		HideSolutionNode = FALSE
	EndGlobalSection
	GlobalSection(ExtensibilityGlobals) = postSolution
		SolutionGuid = {4E190D33-8C4B-478E-8308-1910131BA79D}
	EndGlobalSection
EndGlobal
